{
    "api-platform/api-pack": {
        "version": "v1.3.0"
    },
    "api-platform/core": {
        "version": "2.5",
        "recipe": {
            "repo": "github.com/symfony/recipes",
            "branch": "master",
            "version": "2.5",
            "ref": "a93061567140e386f107be75340ac2aee3f86cbf"
        },
        "files": [
            "./config/packages/api_platform.yaml",
            "./config/routes/api_platform.yaml",
            "./src/Entity/.gitignore"
        ]
    },
    "fig/link-util": {
        "version": "1.1.2"
    },
    "friendsofsymfony/ckeditor-bundle": {
        "version": "2.0",
        "recipe": {
            "repo": "github.com/symfony/recipes-contrib",
            "branch": "master",
            "version": "2.0",
            "ref": "8eb1cd0962ded6a6d6e1e5a9b6d3e888f9f94ff6"
        },
        "files": [
            "./config/packages/fos_ckeditor.yaml"
        ]
    },
    "friendsofsymfony/jsrouting-bundle": {
        "version": "2.3",
        "recipe": {
            "repo": "github.com/symfony/recipes-contrib",
            "branch": "master",
            "version": "2.3",
            "ref": "a9f2e49180f75cdc71ae279a929c4b2e0638de84"
        },
        "files": [
            "./config/routes/fos_js_routing.yaml"
        ]
    },
    "nelmio/cors-bundle": {
        "version": "1.5",
        "recipe": {
            "repo": "github.com/symfony/recipes",
            "branch": "master",
            "version": "1.5",
            "ref": "6bea22e6c564fba3a1391615cada1437d0bde39c"
        },
        "files": [
            "./config/packages/nelmio_cors.yaml"
        ]
    },
    "php": {
        "version": "7.4"
    },
    "symfony/orm-pack": {
        "version": "v2.1.0"
    },
    "symfony/polyfill-php81": {
        "version": "v1.23.0"
    },
    "symfony/serializer-pack": {
        "version": "v1.0.4"
    },
    "willdurand/jsonp-callback-validator": {
        "version": "v1.1.0"
    },
    "willdurand/negotiation": {
        "version": "3.0.0"
    }
}
