{
    "friendsofsymfony/ckeditor-bundle": {
        "version": "2.0",
        "recipe": {
            "repo": "github.com/symfony/recipes-contrib",
            "branch": "master",
            "version": "2.0",
            "ref": "8eb1cd0962ded6a6d6e1e5a9b6d3e888f9f94ff6"
        },
        "files": [
            "./config/packages/fos_ckeditor.yaml"
        ]
    },
    "friendsofsymfony/jsrouting-bundle": {
        "version": "2.3",
        "recipe": {
            "repo": "github.com/symfony/recipes-contrib",
            "branch": "master",
            "version": "2.3",
            "ref": "a9f2e49180f75cdc71ae279a929c4b2e0638de84"
        },
        "files": [
            "./config/routes/fos_js_routing.yaml"
        ]
    },
    "symfony/polyfill-php81": {
        "version": "v1.23.0"
    },
    "willdurand/jsonp-callback-validator": {
        "version": "v1.1.0"
    }
}
